
Microsoft Visual Studio Solution File, Format Version 12.00
# Visual Studio Version 16
VisualStudioVersion = 16.0.31424.327
MinimumVisualStudioVersion = 10.0.40219.1
Project("{FAE04EC0-301F-11D3-BF4B-00C04F79EFBC}") = "Nums_Aleatorios_Soreteados", "Nums_Aleatorios_Soreteados\Nums_Aleatorios_Soreteados.csproj", "{8F4196E8-0B6A-4F5C-8768-D6CFF39A2C7A}"
EndProject
Global
	GlobalSection(SolutionConfigurationPlatforms) = preSolution
		Debug|Any CPU = Debug|Any CPU
		Release|Any CPU = Release|Any CPU
	EndGlobalSection
	GlobalSection(ProjectConfigurationPlatforms) = postSolution
		{8F4196E8-0B6A-4F5C-8768-D6CFF39A2C7A}.Debug|Any CPU.ActiveCfg = Debug|Any CPU
		{8F4196E8-0B6A-4F5C-8768-D6CFF39A2C7A}.Debug|Any CPU.Build.0 = Debug|Any CPU
		{8F4196E8-0B6A-4F5C-8768-D6CFF39A2C7A}.Release|Any CPU.ActiveCfg = Release|Any CPU
		{8F4196E8-0B6A-4F5C-8768-D6CFF39A2C7A}.Release|Any CPU.Build.0 = Release|Any CPU
	EndGlobalSection
	GlobalSection(SolutionProperties) = preSolution
		HideSolutionNode = FALSE
	EndGlobalSection
	GlobalSection(ExtensibilityGlobals) = postSolution
		SolutionGuid = {1460D32C-82E4-4B7C-841F-5F728ED3C5CD}
	EndGlobalSection
EndGlobal
